
Microsoft Visual Studio Solution File, Format Version 12.00
# Visual Studio Version 17
VisualStudioVersion = 17.0.31611.283
MinimumVisualStudioVersion = 10.0.40219.1
Project("{9A19103F-16F7-4668-BE54-9A1E7A4F7556}") = "MyPrintiverse", "MyPrintiverse\MyPrintiverse.csproj", "{C9D5E537-4C7B-45ED-A47C-98D157877757}"
EndProject
Project("{9A19103F-16F7-4668-BE54-9A1E7A4F7556}") = "MyPrintiverse.Tests", "MyPrintiverse.Tests\MyPrintiverse.Tests.csproj", "{514DD976-2B78-4EF8-80D1-E9A13FEE9F82}"
	ProjectSection(ProjectDependencies) = postProject
		{C9D5E537-4C7B-45ED-A47C-98D157877757} = {C9D5E537-4C7B-45ED-A47C-98D157877757}
	EndProjectSection
EndProject
Project("{9A19103F-16F7-4668-BE54-9A1E7A4F7556}") = "MyPrintiverse.Core", "MyPrintiverse.Core\MyPrintiverse.Core.csproj", "{AC8674D5-E890-47FA-AB5D-04CB44CA8323}"
EndProject
Project("{9A19103F-16F7-4668-BE54-9A1E7A4F7556}") = "MyPrintiverse.Core.Tests", "MyPrintiverse.Core.Tests\MyPrintiverse.Core.Tests.csproj", "{8F692058-A96A-4989-B759-3207222D7E1A}"
	ProjectSection(ProjectDependencies) = postProject
		{AC8674D5-E890-47FA-AB5D-04CB44CA8323} = {AC8674D5-E890-47FA-AB5D-04CB44CA8323}
	EndProjectSection
EndProject
Project("{2150E333-8FDC-42A3-9474-1A3956D46DE8}") = "Source", "Source", "{481E5B7D-763C-4E13-95AB-A350CD79C1AA}"
	ProjectSection(SolutionItems) = preProject
		Documentation.txt = Documentation.txt
	EndProjectSection
EndProject
Project("{2150E333-8FDC-42A3-9474-1A3956D46DE8}") = "Tests", "Tests", "{2F2F36D8-FEBC-44DA-BFEF-20F25142F1A7}"
EndProject
Global
	GlobalSection(SolutionConfigurationPlatforms) = preSolution
		Debug|Any CPU = Debug|Any CPU
		Release|Any CPU = Release|Any CPU
	EndGlobalSection
	GlobalSection(ProjectConfigurationPlatforms) = postSolution
		{C9D5E537-4C7B-45ED-A47C-98D157877757}.Debug|Any CPU.ActiveCfg = Debug|Any CPU
		{C9D5E537-4C7B-45ED-A47C-98D157877757}.Debug|Any CPU.Build.0 = Debug|Any CPU
		{C9D5E537-4C7B-45ED-A47C-98D157877757}.Debug|Any CPU.Deploy.0 = Debug|Any CPU
		{C9D5E537-4C7B-45ED-A47C-98D157877757}.Release|Any CPU.ActiveCfg = Release|Any CPU
		{C9D5E537-4C7B-45ED-A47C-98D157877757}.Release|Any CPU.Build.0 = Release|Any CPU
		{C9D5E537-4C7B-45ED-A47C-98D157877757}.Release|Any CPU.Deploy.0 = Release|Any CPU
		{514DD976-2B78-4EF8-80D1-E9A13FEE9F82}.Debug|Any CPU.ActiveCfg = Debug|Any CPU
		{514DD976-2B78-4EF8-80D1-E9A13FEE9F82}.Debug|Any CPU.Build.0 = Debug|Any CPU
		{514DD976-2B78-4EF8-80D1-E9A13FEE9F82}.Release|Any CPU.ActiveCfg = Release|Any CPU
		{514DD976-2B78-4EF8-80D1-E9A13FEE9F82}.Release|Any CPU.Build.0 = Release|Any CPU
		{AC8674D5-E890-47FA-AB5D-04CB44CA8323}.Debug|Any CPU.ActiveCfg = Debug|Any CPU
		{AC8674D5-E890-47FA-AB5D-04CB44CA8323}.Debug|Any CPU.Build.0 = Debug|Any CPU
		{AC8674D5-E890-47FA-AB5D-04CB44CA8323}.Release|Any CPU.ActiveCfg = Release|Any CPU
		{AC8674D5-E890-47FA-AB5D-04CB44CA8323}.Release|Any CPU.Build.0 = Release|Any CPU
		{8F692058-A96A-4989-B759-3207222D7E1A}.Debug|Any CPU.ActiveCfg = Debug|Any CPU
		{8F692058-A96A-4989-B759-3207222D7E1A}.Debug|Any CPU.Build.0 = Debug|Any CPU
		{8F692058-A96A-4989-B759-3207222D7E1A}.Release|Any CPU.ActiveCfg = Release|Any CPU
		{8F692058-A96A-4989-B759-3207222D7E1A}.Release|Any CPU.Build.0 = Release|Any CPU
	EndGlobalSection
	GlobalSection(SolutionProperties) = preSolution
		HideSolutionNode = FALSE
	EndGlobalSection
	GlobalSection(NestedProjects) = preSolution
		{C9D5E537-4C7B-45ED-A47C-98D157877757} = {481E5B7D-763C-4E13-95AB-A350CD79C1AA}
		{514DD976-2B78-4EF8-80D1-E9A13FEE9F82} = {2F2F36D8-FEBC-44DA-BFEF-20F25142F1A7}
		{AC8674D5-E890-47FA-AB5D-04CB44CA8323} = {481E5B7D-763C-4E13-95AB-A350CD79C1AA}
		{8F692058-A96A-4989-B759-3207222D7E1A} = {2F2F36D8-FEBC-44DA-BFEF-20F25142F1A7}
	EndGlobalSection
	GlobalSection(ExtensibilityGlobals) = postSolution
		SolutionGuid = {61F7FB11-1E47-470C-91E2-47F8143E1572}
	EndGlobalSection
EndGlobal
